{
  "name": "local-obsidian-book-rag-runtime",
  "version": "0.1.0",
  "lockfileVersion": 3,
  "requires": true,
  "packages": {
    "": {
      "name": "local-obsidian-book-rag-runtime",
      "version": "0.1.0",
      "dependencies": {
        "@arcships/light-ocr": "0.3.0"
      },
      "engines": {
        "node": "22 || 24"
      }
    },
    "node_modules/@arcships/light-ocr": {
      "version": "0.3.0",
      "resolved": "https://registry.npmjs.org/@arcships/light-ocr/-/light-ocr-0.3.0.tgz",
      "integrity": "sha512-rTKUW08XHPxxRpPCxcyk4G4OOv/uPUu0VWVn2nzAs1PqDkLGQAvGdmiGGOrUAoc4CjbZwMcgwQsK+Zws4ARfXA==",
      "license": "Apache-2.0",
      "dependencies": {
        "@arcships/light-ocr-model-ppocrv6-small": "0.3.0"
      },
      "engines": {
        "node": "^22.0.0 || ^24.0.0"
      },
      "optionalDependencies": {
        "@arcships/light-ocr-darwin-arm64": "0.3.0",
        "@arcships/light-ocr-darwin-x64": "0.3.0",
        "@arcships/light-ocr-linux-x64-gnu": "0.3.0",
        "@arcships/light-ocr-win32-x64": "0.3.0"
      }
    },
    "node_modules/@arcships/light-ocr-darwin-arm64": {
      "version": "0.3.0",
      "resolved": "https://registry.npmjs.org/@arcships/light-ocr-darwin-arm64/-/light-ocr-darwin-arm64-0.3.0.tgz",
      "integrity": "sha512-+rKbx8Du6V8t6xjCYLK6vYCdkYezFtxt3cQxfSn/+r6hw5Q8imsqNbyLqM4I7G4twfhKTJUOoadfauBm/hVm3Q==",
      "cpu": [
        "arm64"
      ],
      "license": "Apache-2.0",
      "optional": true,
      "os": [
        "darwin"
      ],
      "engines": {
        "node": "^22.0.0 || ^24.0.0"
      }
    },
    "node_modules/@arcships/light-ocr-darwin-x64": {
      "version": "0.3.0",
      "resolved": "https://registry.npmjs.org/@arcships/light-ocr-darwin-x64/-/light-ocr-darwin-x64-0.3.0.tgz",
      "integrity": "sha512-VJh+GeLGiNPIWQ1yOAvHBhPFVNd6GLORrG72Z0alNf79JAUx0RWD9N1phHifHmxcseT6VgXEbK6q/d1rktUjpw==",
      "cpu": [
        "x64"
      ],
      "license": "Apache-2.0",
      "optional": true,
      "os": [
        "darwin"
      ],
      "engines": {
        "node": "^22.0.0 || ^24.0.0"
      }
    },
    "node_modules/@arcships/light-ocr-linux-x64-gnu": {
      "version": "0.3.0",
      "resolved": "https://registry.npmjs.org/@arcships/light-ocr-linux-x64-gnu/-/light-ocr-linux-x64-gnu-0.3.0.tgz",
      "integrity": "sha512-oxvYcvENpdxxfMVoZQWXwoZ1i0DNFkIZoNJR18gAjm6JVK8loq7UzGpeAuvg1uyd89gQqjaWKlRABLP0DQb9wQ==",
      "cpu": [
        "x64"
      ],
      "libc": [
        "glibc"
      ],
      "license": "Apache-2.0",
      "optional": true,
      "os": [
        "linux"
      ],
      "engines": {
        "node": "^22.0.0 || ^24.0.0"
      }
    },
    "node_modules/@arcships/light-ocr-model-ppocrv6-small": {
      "version": "0.3.0",
      "resolved": "https://registry.npmjs.org/@arcships/light-ocr-model-ppocrv6-small/-/light-ocr-model-ppocrv6-small-0.3.0.tgz",
      "integrity": "sha512-vKUzIzsJSb8/nZ7pv9u9hS4lelaPubgmi/kINPMC1aCydBZovTUSV5NpbDkvVq1rmDww2Xg8rPE5ecCQqA1OVQ==",
      "license": "Apache-2.0"
    },
    "node_modules/@arcships/light-ocr-win32-x64": {
      "version": "0.3.0",
      "resolved": "https://registry.npmjs.org/@arcships/light-ocr-win32-x64/-/light-ocr-win32-x64-0.3.0.tgz",
      "integrity": "sha512-1Aih7zeUNfmgLUGwWtJwAQ916QPQjOUS32i8s/v5ijhD38xQRJQ5+WuKiIAstZwsD5RQKxlXxwo6sWMMqv6H8w==",
      "cpu": [
        "x64"
      ],
      "license": "Apache-2.0",
      "optional": true,
      "os": [
        "win32"
      ],
      "engines": {
        "node": "^22.0.0 || ^24.0.0"
      }
    }
  }
}
